// !$*UTF8*$!
{
	archiveVersion = 1;
	classes = {
	};
	objectVersion = 50;
	objects = {

/* Begin PBXBuildFile section */
		B76D936E217C6D93007FDA2D /* AppDelegate.swift in Sources */ = {isa = PBXBuildFile; fileRef = B76D936D217C6D93007FDA2D /* AppDelegate.swift */; };
		B76D9370217C6D93007FDA2D /* ViewController.swift in Sources */ = {isa = PBXBuildFile; fileRef = B76D936F217C6D93007FDA2D /* ViewController.swift */; };
		B76D9373217C6D93007FDA2D /* Main.storyboard in Resources */ = {isa = PBXBuildFile; fileRef = B76D9371217C6D93007FDA2D /* Main.storyboard */; };
		B76D9375217C6D9B007FDA2D /* Assets.xcassets in Resources */ = {isa = PBXBuildFile; fileRef = B76D9374217C6D9B007FDA2D /* Assets.xcassets */; };
		B76D9378217C6D9B007FDA2D /* LaunchScreen.storyboard in Resources */ = {isa = PBXBuildFile; fileRef = B76D9376217C6D9B007FDA2D /* LaunchScreen.storyboard */; };
		B76D9380217C6EF9007FDA2D /* GoogleService-Info.plist in Resources */ = {isa = PBXBuildFile; fileRef = B76D937F217C6EF9007FDA2D /* GoogleService-Info.plist */; };
		B76D9382217C73CB007FDA2D /* backImage.jpg in Resources */ = {isa = PBXBuildFile; fileRef = B76D9381217C73CB007FDA2D /* backImage.jpg */; };
		CF485098211ACD188208635A /* Pods_FirestorageSample.framework in Frameworks */ = {isa = PBXBuildFile; fileRef = 98577949CEE45D3FF2F5DB86 /* Pods_FirestorageSample.framework */; };
/* End PBXBuildFile section */

/* Begin PBXFileReference section */
		8CF96F43665D782FF6A0B1C4 /* Pods-FirestorageSample.debug.xcconfig */ = {isa = PBXFileReference; includeInIndex = 1; lastKnownFileType = text.xcconfig; name = "Pods-FirestorageSample.debug.xcconfig"; path = "Pods/Target Support Files/Pods-FirestorageSample/Pods-FirestorageSample.debug.xcconfig"; sourceTree = "<group>"; };
		98577949CEE45D3FF2F5DB86 /* Pods_FirestorageSample.framework */ = {isa = PBXFileReference; explicitFileType = wrapper.framework; includeInIndex = 0; path = Pods_FirestorageSample.framework; sourceTree = BUILT_PRODUCTS_DIR; };
		B76D936A217C6D93007FDA2D /* FirestorageSample.app */ = {isa = PBXFileReference; explicitFileType = wrapper.application; includeInIndex = 0; path = FirestorageSample.app; sourceTree = BUILT_PRODUCTS_DIR; };
		B76D936D217C6D93007FDA2D /* AppDelegate.swift */ = {isa = PBXFileReference; lastKnownFileType = sourcecode.swift; path = AppDelegate.swift; sourceTree = "<group>"; };
		B76D936F217C6D93007FDA2D /* ViewController.swift */ = {isa = PBXFileReference; lastKnownFileType = sourcecode.swift; path = ViewController.swift; sourceTree = "<group>"; };
		B76D9372217C6D93007FDA2D /* Base */ = {isa = PBXFileReference; lastKnownFileType = file.storyboard; name = Base; path = Base.lproj/Main.storyboard; sourceTree = "<group>"; };
		B76D9374217C6D9B007FDA2D /* Assets.xcassets */ = {isa = PBXFileReference; lastKnownFileType = folder.assetcatalog; path = Assets.xcassets; sourceTree = "<group>"; };
		B76D9377217C6D9B007FDA2D /* Base */ = {isa = PBXFileReference; lastKnownFileType = file.storyboard; name = Base; path = Base.lproj/LaunchScreen.storyboard; sourceTree = "<group>"; };
		B76D9379217C6D9B007FDA2D /* Info.plist */ = {isa = PBXFileReference; lastKnownFileType = text.plist.xml; path = Info.plist; sourceTree = "<group>"; };
		B76D937F217C6EF9007FDA2D /* GoogleService-Info.plist */ = {isa = PBXFileReference; fileEncoding = 4; lastKnownFileType = text.plist.xml; path = "GoogleService-Info.plist"; sourceTree = "<group>"; };
		B76D9381217C73CB007FDA2D /* backImage.jpg */ = {isa = PBXFileReference; lastKnownFileType = image.jpeg; path = backImage.jpg; sourceTree = "<group>"; };
		E58F80FDA91E4EFA2321297D /* Pods-FirestorageSample.release.xcconfig */ = {isa = PBXFileReference; includeInIndex = 1; lastKnownFileType = text.xcconfig; name = "Pods-FirestorageSample.release.xcconfig"; path = "Pods/Target Support Files/Pods-FirestorageSample/Pods-FirestorageSample.release.xcconfig"; sourceTree = "<group>"; };
/* End PBXFileReference section */

/* Begin PBXFrameworksBuildPhase section */
		B76D9367217C6D93007FDA2D /* Frameworks */ = {
			isa = PBXFrameworksBuildPhase;
			buildActionMask = 2147483647;
			files = (
				CF485098211ACD188208635A /* Pods_FirestorageSample.framework in Frameworks */,
			);
			runOnlyForDeploymentPostprocessing = 0;
		};
/* End PBXFrameworksBuildPhase section */

/* Begin PBXGroup section */
		B066B5B38690E2575FDB8F94 /* Pods */ = {
			isa = PBXGroup;
			children = (
				8CF96F43665D782FF6A0B1C4 /* Pods-FirestorageSample.debug.xcconfig */,
				E58F80FDA91E4EFA2321297D /* Pods-FirestorageSample.release.xcconfig */,
			);
			name = Pods;
			sourceTree = "<group>";
		};
		B76D9361217C6D93007FDA2D = {
			isa = PBXGroup;
			children = (
				B76D936C217C6D93007FDA2D /* FirestorageSample */,
				B76D936B217C6D93007FDA2D /* Products */,
				B066B5B38690E2575FDB8F94 /* Pods */,
				EE83338C323EBA44313F2FAE /* Frameworks */,
			);
			sourceTree = "<group>";
		};
		B76D936B217C6D93007FDA2D /* Products */ = {
			isa = PBXGroup;
			children = (
				B76D936A217C6D93007FDA2D /* FirestorageSample.app */,
			);
			name = Products;
			sourceTree = "<group>";
		};
		B76D936C217C6D93007FDA2D /* FirestorageSample */ = {
			isa = PBXGroup;
			children = (
				B76D936D217C6D93007FDA2D /* AppDelegate.swift */,
				B76D936F217C6D93007FDA2D /* ViewController.swift */,
				B76D9371217C6D93007FDA2D /* Main.storyboard */,
				B76D9374217C6D9B007FDA2D /* Assets.xcassets */,
				B76D9376217C6D9B007FDA2D /* LaunchScreen.storyboard */,
				B76D9379217C6D9B007FDA2D /* Info.plist */,
				B76D937F217C6EF9007FDA2D /* GoogleService-Info.plist */,
				B76D9381217C73CB007FDA2D /* backImage.jpg */,
			);
			path = FirestorageSample;
			sourceTree = "<group>";
		};
		EE83338C323EBA44313F2FAE /* Frameworks */ = {
			isa = PBXGroup;
			children = (
				98577949CEE45D3FF2F5DB86 /* Pods_FirestorageSample.framework */,
			);
			name = Frameworks;
			sourceTree = "<group>";
		};
/* End PBXGroup section */

/* Begin PBXNativeTarget section */
		B76D9369217C6D93007FDA2D /* FirestorageSample */ = {
			isa = PBXNativeTarget;
			buildConfigurationList = B76D937C217C6D9B007FDA2D /* Build configuration list for PBXNativeTarget "FirestorageSample" */;
			buildPhases = (
				71E0C19BE1047510692B1634 /* [CP] Check Pods Manifest.lock */,
				B76D9366217C6D93007FDA2D /* Sources */,
				B76D9367217C6D93007FDA2D /* Frameworks */,
				B76D9368217C6D93007FDA2D /* Resources */,
				85CEADDF86B75F2EC576F8CE /* [CP] Embed Pods Frameworks */,
			);
			buildRules = (
			);
			dependencies = (
			);
			name = FirestorageSample;
			productName = FirestorageSample;
			productReference = B76D936A217C6D93007FDA2D /* FirestorageSample.app */;
			productType = "com.apple.product-type.application";
		};
/* End PBXNativeTarget section */

/* Begin PBXProject section */
		B76D9362217C6D93007FDA2D /* Project object */ = {
			isa = PBXProject;
			attributes = {
				LastSwiftUpdateCheck = 0940;
				LastUpgradeCheck = 0940;
				ORGANIZATIONNAME = "Togami Yuki";
				TargetAttributes = {
					B76D9369217C6D93007FDA2D = {
						CreatedOnToolsVersion = 9.4.1;
					};
				};
			};
			buildConfigurationList = B76D9365217C6D93007FDA2D /* Build configuration list for PBXProject "FirestorageSample" */;
			compatibilityVersion = "Xcode 9.3";
			developmentRegion = en;
			hasScannedForEncodings = 0;
			knownRegions = (
				en,
				Base,
			);
			mainGroup = B76D9361217C6D93007FDA2D;
			productRefGroup = B76D936B217C6D93007FDA2D /* Products */;
			projectDirPath = "";
			projectRoot = "";
			targets = (
				B76D9369217C6D93007FDA2D /* FirestorageSample */,
			);
		};
/* End PBXProject section */

/* Begin PBXResourcesBuildPhase section */
		B76D9368217C6D93007FDA2D /* Resources */ = {
			isa = PBXResourcesBuildPhase;
			buildActionMask = 2147483647;
			files = (
				B76D9380217C6EF9007FDA2D /* GoogleService-Info.plist in Resources */,
				B76D9378217C6D9B007FDA2D /* LaunchScreen.storyboard in Resources */,
				B76D9382217C73CB007FDA2D /* backImage.jpg in Resources */,
				B76D9375217C6D9B007FDA2D /* Assets.xcassets in Resources */,
				B76D9373217C6D93007FDA2D /* Main.storyboard in Resources */,
			);
			runOnlyForDeploymentPostprocessing = 0;
		};
/* End PBXResourcesBuildPhase section */

/* Begin PBXShellScriptBuildPhase section */
		71E0C19BE1047510692B1634 /* [CP] Check Pods Manifest.lock */ = {
			isa = PBXShellScriptBuildPhase;
			buildActionMask = 2147483647;
			files = (
			);
			inputPaths = (
				"${PODS_PODFILE_DIR_PATH}/Podfile.lock",
				"${PODS_ROOT}/Manifest.lock",
			);
			name = "[CP] Check Pods Manifest.lock";
			outputPaths = (
				"$(DERIVED_FILE_DIR)/Pods-FirestorageSample-checkManifestLockResult.txt",
			);
			runOnlyForDeploymentPostprocessing = 0;
			shellPath = /bin/sh;
			shellScript = "diff \"${PODS_PODFILE_DIR_PATH}/Podfile.lock\" \"${PODS_ROOT}/Manifest.lock\" > /dev/null\nif [ $? != 0 ] ; then\n    # print error to STDERR\n    echo \"error: The sandbox is not in sync with the Podfile.lock. Run 'pod install' or update your CocoaPods installation.\" >&2\n    exit 1\nfi\n# This output is used by Xcode 'outputs' to avoid re-running this script phase.\necho \"SUCCESS\" > \"${SCRIPT_OUTPUT_FILE_0}\"\n";
			showEnvVarsInLog = 0;
		};
		85CEADDF86B75F2EC576F8CE /* [CP] Embed Pods Frameworks */ = {
			isa = PBXShellScriptBuildPhase;
			buildActionMask = 2147483647;
			files = (
			);
			inputPaths = (
				"${SRCROOT}/Pods/Target Support Files/Pods-FirestorageSample/Pods-FirestorageSample-frameworks.sh",
				"${BUILT_PRODUCTS_DIR}/GTMSessionFetcher/GTMSessionFetcher.framework",
				"${BUILT_PRODUCTS_DIR}/GoogleUtilities/GoogleUtilities.framework",
				"${BUILT_PRODUCTS_DIR}/nanopb/nanopb.framework",
			);
			name = "[CP] Embed Pods Frameworks";
			outputPaths = (
				"${TARGET_BUILD_DIR}/${FRAMEWORKS_FOLDER_PATH}/GTMSessionFetcher.framework",
				"${TARGET_BUILD_DIR}/${FRAMEWORKS_FOLDER_PATH}/GoogleUtilities.framework",
				"${TARGET_BUILD_DIR}/${FRAMEWORKS_FOLDER_PATH}/nanopb.framework",
			);
			runOnlyForDeploymentPostprocessing = 0;
			shellPath = /bin/sh;
			shellScript = "\"${SRCROOT}/Pods/Target Support Files/Pods-FirestorageSample/Pods-FirestorageSample-frameworks.sh\"\n";
			showEnvVarsInLog = 0;
		};
/* End PBXShellScriptBuildPhase section */

/* Begin PBXSourcesBuildPhase section */
		B76D9366217C6D93007FDA2D /* Sources */ = {
			isa = PBXSourcesBuildPhase;
			buildActionMask = 2147483647;
			files = (
				B76D9370217C6D93007FDA2D /* ViewController.swift in Sources */,
				B76D936E217C6D93007FDA2D /* AppDelegate.swift in Sources */,
			);
			runOnlyForDeploymentPostprocessing = 0;
		};
/* End PBXSourcesBuildPhase section */

/* Begin PBXVariantGroup section */
		B76D9371217C6D93007FDA2D /* Main.storyboard */ = {
			isa = PBXVariantGroup;
			children = (
				B76D9372217C6D93007FDA2D /* Base */,
			);
			name = Main.storyboard;
			sourceTree = "<group>";
		};
		B76D9376217C6D9B007FDA2D /* LaunchScreen.storyboard */ = {
			isa = PBXVariantGroup;
			children = (
				B76D9377217C6D9B007FDA2D /* Base */,
			);
			name = LaunchScreen.storyboard;
			sourceTree = "<group>";
		};
/* End PBXVariantGroup section */

/* Begin XCBuildConfiguration section */
		B76D937A217C6D9B007FDA2D /* Debug */ = {
			isa = XCBuildConfiguration;
			buildSettings = {
				ALWAYS_SEARCH_USER_PATHS = NO;
				CLANG_ANALYZER_NONNULL = YES;
				CLANG_ANALYZER_NUMBER_OBJECT_CONVERSION = YES_AGGRESSIVE;
				CLANG_CXX_LANGUAGE_STANDARD = "gnu++14";
				CLANG_CXX_LIBRARY = "libc++";
				CLANG_ENABLE_MODULES = YES;
				CLANG_ENABLE_OBJC_ARC = YES;
				CLANG_ENABLE_OBJC_WEAK = YES;
				CLANG_WARN_BLOCK_CAPTURE_AUTORELEASING = YES;
				CLANG_WARN_BOOL_CONVERSION = YES;
				CLANG_WARN_COMMA = YES;
				CLANG_WARN_CONSTANT_CONVERSION = YES;
				CLANG_WARN_DEPRECATED_OBJC_IMPLEMENTATIONS = YES;
				CLANG_WARN_DIRECT_OBJC_ISA_USAGE = YES_ERROR;
				CLANG_WARN_DOCUMENTATION_COMMENTS = YES;
				CLANG_WARN_EMPTY_BODY = YES;
				CLANG_WARN_ENUM_CONVERSION = YES;
				CLANG_WARN_INFINITE_RECURSION = YES;
				CLANG_WARN_INT_CONVERSION = YES;
				CLANG_WARN_NON_LITERAL_NULL_CONVERSION = YES;
				CLANG_WARN_OBJC_IMPLICIT_RETAIN_SELF = YES;
				CLANG_WARN_OBJC_LITERAL_CONVERSION = YES;
				CLANG_WARN_OBJC_ROOT_CLASS = YES_ERROR;
				CLANG_WARN_RANGE_LOOP_ANALYSIS = YES;
				CLANG_WARN_STRICT_PROTOTYPES = YES;
				CLANG_WARN_SUSPICIOUS_MOVE = YES;
				CLANG_WARN_UNGUARDED_AVAILABILITY = YES_AGGRESSIVE;
				CLANG_WARN_UNREACHABLE_CODE = YES;
				CLANG_WARN__DUPLICATE_METHOD_MATCH = YES;
				CODE_SIGN_IDENTITY = "iPhone Developer";
				COPY_PHASE_STRIP = NO;
				DEBUG_INFORMATION_FORMAT = dwarf;
				ENABLE_STRICT_OBJC_MSGSEND = YES;
				ENABLE_TESTABILITY = YES;
				GCC_C_LANGUAGE_STANDARD = gnu11;
				GCC_DYNAMIC_NO_PIC = NO;
				GCC_NO_COMMON_BLOCKS = YES;
				GCC_OPTIMIZATION_LEVEL = 0;
				GCC_PREPROCESSOR_DEFINITIONS = (
					"DEBUG=1",
					"$(inherited)",
				);
				GCC_WARN_64_TO_32_BIT_CONVERSION = YES;
				GCC_WARN_ABOUT_RETURN_TYPE = YES_ERROR;
				GCC_WARN_UNDECLARED_SELECTOR = YES;
				GCC_WARN_UNINITIALIZED_AUTOS = YES_AGGRESSIVE;
				GCC_WARN_UNUSED_FUNCTION = YES;
				GCC_WARN_UNUSED_VARIABLE = YES;
				IPHONEOS_DEPLOYMENT_TARGET = 11.4;
				MTL_ENABLE_DEBUG_INFO = YES;
				ONLY_ACTIVE_ARCH = YES;
				SDKROOT = iphoneos;
				SWIFT_ACTIVE_COMPILATION_CONDITIONS = DEBUG;
				SWIFT_OPTIMIZATION_LEVEL = "-Onone";
			};
			name = Debug;
		};
		B76D937B217C6D9B007FDA2D /* Release */ = {
			isa = XCBuildConfiguration;
			buildSettings = {
				ALWAYS_SEARCH_USER_PATHS = NO;
				CLANG_ANALYZER_NONNULL = YES;
				CLANG_ANALYZER_NUMBER_OBJECT_CONVERSION = YES_AGGRESSIVE;
				CLANG_CXX_LANGUAGE_STANDARD = "gnu++14";
				CLANG_CXX_LIBRARY = "libc++";
				CLANG_ENABLE_MODULES = YES;
				CLANG_ENABLE_OBJC_ARC = YES;
				CLANG_ENABLE_OBJC_WEAK = YES;
				CLANG_WARN_BLOCK_CAPTURE_AUTORELEASING = YES;
				CLANG_WARN_BOOL_CONVERSION = YES;
				CLANG_WARN_COMMA = YES;
				CLANG_WARN_CONSTANT_CONVERSION = YES;
				CLANG_WARN_DEPRECATED_OBJC_IMPLEMENTATIONS = YES;
				CLANG_WARN_DIRECT_OBJC_ISA_USAGE = YES_ERROR;
				CLANG_WARN_DOCUMENTATION_COMMENTS = YES;
				CLANG_WARN_EMPTY_BODY = YES;
				CLANG_WARN_ENUM_CONVERSION = YES;
				CLANG_WARN_INFINITE_RECURSION = YES;
				CLANG_WARN_INT_CONVERSION = YES;
				CLANG_WARN_NON_LITERAL_NULL_CONVERSION = YES;
				CLANG_WARN_OBJC_IMPLICIT_RETAIN_SELF = YES;
				CLANG_WARN_OBJC_LITERAL_CONVERSION = YES;
				CLANG_WARN_OBJC_ROOT_CLASS = YES_ERROR;
				CLANG_WARN_RANGE_LOOP_ANALYSIS = YES;
				CLANG_WARN_STRICT_PROTOTYPES = YES;
				CLANG_WARN_SUSPICIOUS_MOVE = YES;
				CLANG_WARN_UNGUARDED_AVAILABILITY = YES_AGGRESSIVE;
				CLANG_WARN_UNREACHABLE_CODE = YES;
				CLANG_WARN__DUPLICATE_METHOD_MATCH = YES;
				CODE_SIGN_IDENTITY = "iPhone Developer";
				COPY_PHASE_STRIP = NO;
				DEBUG_INFORMATION_FORMAT = "dwarf-with-dsym";
				ENABLE_NS_ASSERTIONS = NO;
				ENABLE_STRICT_OBJC_MSGSEND = YES;
				GCC_C_LANGUAGE_STANDARD = gnu11;
				GCC_NO_COMMON_BLOCKS = YES;
				GCC_WARN_64_TO_32_BIT_CONVERSION = YES;
				GCC_WARN_ABOUT_RETURN_TYPE = YES_ERROR;
				GCC_WARN_UNDECLARED_SELECTOR = YES;
				GCC_WARN_UNINITIALIZED_AUTOS = YES_AGGRESSIVE;
				GCC_WARN_UNUSED_FUNCTION = YES;
				GCC_WARN_UNUSED_VARIABLE = YES;
				IPHONEOS_DEPLOYMENT_TARGET = 11.4;
				MTL_ENABLE_DEBUG_INFO = NO;
				SDKROOT = iphoneos;
				SWIFT_COMPILATION_MODE = wholemodule;
				SWIFT_OPTIMIZATION_LEVEL = "-O";
				VALIDATE_PRODUCT = YES;
			};
			name = Release;
		};
		B76D937D217C6D9B007FDA2D /* Debug */ = {
			isa = XCBuildConfiguration;
			baseConfigurationReference = 8CF96F43665D782FF6A0B1C4 /* Pods-FirestorageSample.debug.xcconfig */;
			buildSettings = {
				ASSETCATALOG_COMPILER_APPICON_NAME = AppIcon;
				CODE_SIGN_STYLE = Automatic;
				DEVELOPMENT_TEAM = 3647679NTF;
				INFOPLIST_FILE = FirestorageSample/Info.plist;
				LD_RUNPATH_SEARCH_PATHS = (
					"$(inherited)",
					"@executable_path/Frameworks",
				);
				PRODUCT_BUNDLE_IDENTIFIER = togaminnnn.FirestorageSample;
				PRODUCT_NAME = "$(TARGET_NAME)";
				SWIFT_VERSION = 4.0;
				TARGETED_DEVICE_FAMILY = "1,2";
			};
			name = Debug;
		};
		B76D937E217C6D9B007FDA2D /* Release */ = {
			isa = XCBuildConfiguration;
			baseConfigurationReference = E58F80FDA91E4EFA2321297D /* Pods-FirestorageSample.release.xcconfig */;
			buildSettings = {
				ASSETCATALOG_COMPILER_APPICON_NAME = AppIcon;
				CODE_SIGN_STYLE = Automatic;
				DEVELOPMENT_TEAM = 3647679NTF;
				INFOPLIST_FILE = FirestorageSample/Info.plist;
				LD_RUNPATH_SEARCH_PATHS = (
					"$(inherited)",
					"@executable_path/Frameworks",
				);
				PRODUCT_BUNDLE_IDENTIFIER = togaminnnn.FirestorageSample;
				PRODUCT_NAME = "$(TARGET_NAME)";
				SWIFT_VERSION = 4.0;
				TARGETED_DEVICE_FAMILY = "1,2";
			};
			name = Release;
		};
/* End XCBuildConfiguration section */

/* Begin XCConfigurationList section */
		B76D9365217C6D93007FDA2D /* Build configuration list for PBXProject "FirestorageSample" */ = {
			isa = XCConfigurationList;
			buildConfigurations = (
				B76D937A217C6D9B007FDA2D /* Debug */,
				B76D937B217C6D9B007FDA2D /* Release */,
			);
			defaultConfigurationIsVisible = 0;
			defaultConfigurationName = Release;
		};
		B76D937C217C6D9B007FDA2D /* Build configuration list for PBXNativeTarget "FirestorageSample" */ = {
			isa = XCConfigurationList;
			buildConfigurations = (
				B76D937D217C6D9B007FDA2D /* Debug */,
				B76D937E217C6D9B007FDA2D /* Release */,
			);
			defaultConfigurationIsVisible = 0;
			defaultConfigurationName = Release;
		};
/* End XCConfigurationList section */
	};
	rootObject = B76D9362217C6D93007FDA2D /* Project object */;
}
